
Microsoft Visual Studio Solution File, Format Version 12.00
# Visual Studio Version 17
VisualStudioVersion = 17.13.35825.156 d17.13
MinimumVisualStudioVersion = 10.0.40219.1
Project("{FAE04EC0-301F-11D3-BF4B-00C04F79EFBC}") = "HospitalManagementSystem", "HospitalManagementSystem\HospitalManagementSystem.csproj", "{AB2AA4BC-7438-4A90-BFC9-F62D0E8AD12A}"
EndProject
Global
	GlobalSection(SolutionConfigurationPlatforms) = preSolution
		Debug|Any CPU = Debug|Any CPU
		Release|Any CPU = Release|Any CPU
	EndGlobalSection
	GlobalSection(ProjectConfigurationPlatforms) = postSolution
		{AB2AA4BC-7438-4A90-BFC9-F62D0E8AD12A}.Debug|Any CPU.ActiveCfg = Debug|Any CPU
		{AB2AA4BC-7438-4A90-BFC9-F62D0E8AD12A}.Debug|Any CPU.Build.0 = Debug|Any CPU
		{AB2AA4BC-7438-4A90-BFC9-F62D0E8AD12A}.Release|Any CPU.ActiveCfg = Release|Any CPU
		{AB2AA4BC-7438-4A90-BFC9-F62D0E8AD12A}.Release|Any CPU.Build.0 = Release|Any CPU
	EndGlobalSection
	GlobalSection(SolutionProperties) = preSolution
		HideSolutionNode = FALSE
	EndGlobalSection
	GlobalSection(ExtensibilityGlobals) = postSolution
		SolutionGuid = {535B4AD0-C8FF-43B9-A0FB-AB69B3B81AE0}
	EndGlobalSection
EndGlobal
